# THIS IS AN AUTOGENERATED FILE. DO NOT EDIT THIS FILE DIRECTLY.
# yarn lockfile v1


cssesc@^3.0.0:
  version "3.0.0"
  resolved "https://registry.npm.taobao.org/cssesc/download/cssesc-3.0.0.tgz#37741919903b868565e1c09ea747445cd18983ee"
  integrity sha1-N3QZGZA7hoVl4cCep0dEXNGJg+4=

lodash@^4.17.15:
  version "4.17.21"
  resolved "https://registry.nlark.com/lodash/download/lodash-4.17.21.tgz?cache=0&sync_timestamp=1624543041613&other_urls=https%3A%2F%2Fregistry.nlark.com%2Flodash%2Fdownload%2Flodash-4.17.21.tgz#679591c564c3bffaae8454cf0b3df370c3d6911c"
  integrity sha1-Z5WRxWTDv/quhFTPCz3zcMPWkRw=

postcss-media-query-parser@^0.2.3:
  version "0.2.3"
  resolved "https://registry.npm.taobao.org/postcss-media-query-parser/download/postcss-media-query-parser-0.2.3.tgz#27b39c6f4d94f81b1a73b8f76351c609e5cef244"
  integrity sha1-J7Ocb02U+Bsac7j3Y1HGCeXO8kQ=

postcss-resolve-nested-selector@^0.1.1:
  version "0.1.1"
  resolved "https://registry.npm.taobao.org/postcss-resolve-nested-selector/download/postcss-resolve-nested-selector-0.1.1.tgz#29ccbc7c37dedfac304e9fff0bf1596b3f6a0e4e"
  integrity sha1-Kcy8fDfe36wwTp//C/FZaz9qDk4=

postcss-scss@^4.0.1:
  version "4.0.1"
  resolved "https://registry.npmmirror.com/postcss-scss/download/postcss-scss-4.0.1.tgz?cache=0&sync_timestamp=1632906188139&other_urls=https%3A%2F%2Fregistry.npmmirror.com%2Fpostcss-scss%2Fdownload%2Fpostcss-scss-4.0.1.tgz#6f5827f4457dac35fcc5a0b3de566cfb377db1e7"
  integrity sha1-b1gn9EV9rDX8xaCz3lZs+zd9sec=

postcss-selector-parser@^6.0.6:
  version "6.0.6"
  resolved "https://registry.nlark.com/postcss-selector-parser/download/postcss-selector-parser-6.0.6.tgz?cache=0&sync_timestamp=1620752939806&other_urls=https%3A%2F%2Fregistry.nlark.com%2Fpostcss-selector-parser%2Fdownload%2Fpostcss-selector-parser-6.0.6.tgz#2c5bba8174ac2f6981ab631a42ab0ee54af332ea"
  integrity sha1-LFu6gXSsL2mBq2MaQqsO5UrzMuo=
  dependencies:
    cssesc "^3.0.0"
    util-deprecate "^1.0.2"

postcss-value-parser@^4.1.0:
  version "4.1.0"
  resolved "https://registry.nlark.com/postcss-value-parser/download/postcss-value-parser-4.1.0.tgz?cache=0&other_urls=https%3A%2F%2Fregistry.nlark.com%2Fpostcss-value-parser%2Fdownload%2Fpostcss-value-parser-4.1.0.tgz#443f6a20ced6481a2bda4fa8532a6e55d789a2cb"
  integrity sha1-RD9qIM7WSBor2k+oUypuVdeJoss=

stylelint-config-prettier@^8.0.2:
  version "8.0.2"
  resolved "https://registry.npm.taobao.org/stylelint-config-prettier/download/stylelint-config-prettier-8.0.2.tgz#da9de33da4c56893cbe7e26df239a7374045e14e"
  integrity sha1-2p3jPaTFaJPL5+Jt8jmnN0BF4U4=

stylelint-config-recommended-scss@^5.0.0:
  version "5.0.0"
  resolved "https://registry.npmmirror.com/stylelint-config-recommended-scss/download/stylelint-config-recommended-scss-5.0.0.tgz#0b1d8117c84f616283abf309272af97df32ba79d"
  integrity sha1-Cx2BF8hPYWKDq/MJJyr5ffMrp50=
  dependencies:
    postcss-scss "^4.0.1"
    stylelint-config-recommended "^6.0.0"
    stylelint-scss "^4.0.0"

stylelint-config-recommended@^3.0.0:
  version "3.0.0"
  resolved "https://registry.npm.taobao.org/stylelint-config-recommended/download/stylelint-config-recommended-3.0.0.tgz#e0e547434016c5539fe2650afd58049a2fd1d657"
  integrity sha1-4OVHQ0AWxVOf4mUK/VgEmi/R1lc=

stylelint-config-recommended@^6.0.0:
  version "6.0.0"
  resolved "https://registry.npmmirror.com/stylelint-config-recommended/download/stylelint-config-recommended-6.0.0.tgz#fd2523a322836005ad9bf473d3e5534719c09f9d"
  integrity sha1-/SUjoyKDYAWtm/Rz0+VTRxnAn50=

stylelint-config-standard@^20.0.0:
  version "20.0.0"
  resolved "https://registry.npm.taobao.org/stylelint-config-standard/download/stylelint-config-standard-20.0.0.tgz#06135090c9e064befee3d594289f50e295b5e20d"
  integrity sha1-BhNQkMngZL7+49WUKJ9Q4pW14g0=
  dependencies:
    stylelint-config-recommended "^3.0.0"

stylelint-scss@^4.0.0:
  version "4.0.0"
  resolved "https://registry.npmmirror.com/stylelint-scss/download/stylelint-scss-4.0.0.tgz?cache=0&sync_timestamp=1634901326593&other_urls=https%3A%2F%2Fregistry.npmmirror.com%2Fstylelint-scss%2Fdownload%2Fstylelint-scss-4.0.0.tgz#4901ced92b9c68e37649799a39defbd5f2ac5bcd"
  integrity sha1-SQHO2SucaON2SXmaOd771fKsW80=
  dependencies:
    lodash "^4.17.15"
    postcss-media-query-parser "^0.2.3"
    postcss-resolve-nested-selector "^0.1.1"
    postcss-selector-parser "^6.0.6"
    postcss-value-parser "^4.1.0"

util-deprecate@^1.0.2:
  version "1.0.2"
  resolved "https://registry.nlark.com/util-deprecate/download/util-deprecate-1.0.2.tgz#450d4dc9fa70de732762fbd2d4a28981419a0ccf"
  integrity sha1-RQ1Nyfpw3nMnYvvS1KKJgUGaDM8=
