# THIS IS AN AUTOGENERATED FILE. DO NOT EDIT THIS FILE DIRECTLY.
# yarn lockfile v1


stylelint-config-prettier@^8.0.2:
  version "8.0.2"
  resolved "https://registry.npm.taobao.org/stylelint-config-prettier/download/stylelint-config-prettier-8.0.2.tgz#da9de33da4c56893cbe7e26df239a7374045e14e"
  integrity sha1-2p3jPaTFaJPL5+Jt8jmnN0BF4U4=

stylelint-config-recommended@^3.0.0:
  version "3.0.0"
  resolved "https://registry.npm.taobao.org/stylelint-config-recommended/download/stylelint-config-recommended-3.0.0.tgz#e0e547434016c5539fe2650afd58049a2fd1d657"
  integrity sha1-4OVHQ0AWxVOf4mUK/VgEmi/R1lc=

stylelint-config-standard@^20.0.0:
  version "20.0.0"
  resolved "https://registry.npm.taobao.org/stylelint-config-standard/download/stylelint-config-standard-20.0.0.tgz#06135090c9e064befee3d594289f50e295b5e20d"
  integrity sha1-BhNQkMngZL7+49WUKJ9Q4pW14g0=
  dependencies:
    stylelint-config-recommended "^3.0.0"
