# THIS IS AN AUTOGENERATED FILE. DO NOT EDIT THIS FILE DIRECTLY.
# yarn lockfile v1


ansi-styles@^3.2.1:
  version "3.2.1"
  resolved "https://registry.npm.taobao.org/ansi-styles/download/ansi-styles-3.2.1.tgz?cache=0&sync_timestamp=1611325836307&other_urls=https%3A%2F%2Fregistry.npm.taobao.org%2Fansi-styles%2Fdownload%2Fansi-styles-3.2.1.tgz#41fbb20243e50b12be0f04b8dedbf07520ce841d"
  integrity sha1-QfuyAkPlCxK+DwS43tvwdSDOhB0=
  dependencies:
    color-convert "^1.9.0"

chalk@^2.4.2:
  version "2.4.2"
  resolved "https://registry.npm.taobao.org/chalk/download/chalk-2.4.2.tgz#cd42541677a54333cf541a49108c1432b44c9424"
  integrity sha1-zUJUFnelQzPPVBpJEIwUMrRMlCQ=
  dependencies:
    ansi-styles "^3.2.1"
    escape-string-regexp "^1.0.5"
    supports-color "^5.3.0"

color-convert@^1.9.0:
  version "1.9.3"
  resolved "https://registry.npm.taobao.org/color-convert/download/color-convert-1.9.3.tgz#bb71850690e1f136567de629d2d5471deda4c1e8"
  integrity sha1-u3GFBpDh8TZWfeYp0tVHHe2kweg=
  dependencies:
    color-name "1.1.3"

color-name@1.1.3:
  version "1.1.3"
  resolved "https://registry.npm.taobao.org/color-name/download/color-name-1.1.3.tgz#a7d0558bd89c42f795dd42328f740831ca53bc25"
  integrity sha1-p9BVi9icQveV3UIyj3QIMcpTvCU=

cssesc@^3.0.0:
  version "3.0.0"
  resolved "https://registry.npm.taobao.org/cssesc/download/cssesc-3.0.0.tgz#37741919903b868565e1c09ea747445cd18983ee"
  integrity sha1-N3QZGZA7hoVl4cCep0dEXNGJg+4=

escape-string-regexp@^1.0.5:
  version "1.0.5"
  resolved "https://registry.npm.taobao.org/escape-string-regexp/download/escape-string-regexp-1.0.5.tgz?cache=0&other_urls=https%3A%2F%2Fregistry.npm.taobao.org%2Fescape-string-regexp%2Fdownload%2Fescape-string-regexp-1.0.5.tgz#1b61c0562190a8dff6ae3bb2cf0200ca130b86d4"
  integrity sha1-G2HAViGQqN/2rjuyzwIAyhMLhtQ=

has-flag@^3.0.0:
  version "3.0.0"
  resolved "https://registry.npm.taobao.org/has-flag/download/has-flag-3.0.0.tgz#b5d454dc2199ae225699f3467e5a07f3b955bafd"
  integrity sha1-tdRU3CGZriJWmfNGfloH87lVuv0=

indexes-of@^1.0.1:
  version "1.0.1"
  resolved "https://registry.npm.taobao.org/indexes-of/download/indexes-of-1.0.1.tgz#f30f716c8e2bd346c7b67d3df3915566a7c05607"
  integrity sha1-8w9xbI4r00bHtn0985FVZqfAVgc=

lodash@^4.17.14, lodash@^4.17.15:
  version "4.17.20"
  resolved "https://registry.npm.taobao.org/lodash/download/lodash-4.17.20.tgz#b44a9b6297bcb698f1c51a3545a2b3b368d59c52"
  integrity sha1-tEqbYpe8tpjxxRo1RaKzs2jVnFI=

postcss-media-query-parser@^0.2.3:
  version "0.2.3"
  resolved "https://registry.npm.taobao.org/postcss-media-query-parser/download/postcss-media-query-parser-0.2.3.tgz#27b39c6f4d94f81b1a73b8f76351c609e5cef244"
  integrity sha1-J7Ocb02U+Bsac7j3Y1HGCeXO8kQ=

postcss-resolve-nested-selector@^0.1.1:
  version "0.1.1"
  resolved "https://registry.npm.taobao.org/postcss-resolve-nested-selector/download/postcss-resolve-nested-selector-0.1.1.tgz#29ccbc7c37dedfac304e9fff0bf1596b3f6a0e4e"
  integrity sha1-Kcy8fDfe36wwTp//C/FZaz9qDk4=

postcss-selector-parser@^6.0.2:
  version "6.0.4"
  resolved "https://registry.npm.taobao.org/postcss-selector-parser/download/postcss-selector-parser-6.0.4.tgz#56075a1380a04604c38b063ea7767a129af5c2b3"
  integrity sha1-VgdaE4CgRgTDiwY+p3Z6Epr1wrM=
  dependencies:
    cssesc "^3.0.0"
    indexes-of "^1.0.1"
    uniq "^1.0.1"
    util-deprecate "^1.0.2"

postcss-sorting@^5.0.1:
  version "5.0.1"
  resolved "https://registry.npm.taobao.org/postcss-sorting/download/postcss-sorting-5.0.1.tgz#10d5d0059eea8334dacc820c0121864035bc3f11"
  integrity sha1-ENXQBZ7qgzTazIIMASGGQDW8PxE=
  dependencies:
    lodash "^4.17.14"
    postcss "^7.0.17"

postcss-value-parser@^4.1.0:
  version "4.1.0"
  resolved "https://registry.npm.taobao.org/postcss-value-parser/download/postcss-value-parser-4.1.0.tgz?cache=0&sync_timestamp=1599056141711&other_urls=https%3A%2F%2Fregistry.npm.taobao.org%2Fpostcss-value-parser%2Fdownload%2Fpostcss-value-parser-4.1.0.tgz#443f6a20ced6481a2bda4fa8532a6e55d789a2cb"
  integrity sha1-RD9qIM7WSBor2k+oUypuVdeJoss=

postcss@^7.0.17, postcss@^7.0.31:
  version "7.0.35"
  resolved "https://registry.npm.taobao.org/postcss/download/postcss-7.0.35.tgz?cache=0&sync_timestamp=1610186269452&other_urls=https%3A%2F%2Fregistry.npm.taobao.org%2Fpostcss%2Fdownload%2Fpostcss-7.0.35.tgz#d2be00b998f7f211d8a276974079f2e92b970e24"
  integrity sha1-0r4AuZj38hHYonaXQHny6SuXDiQ=
  dependencies:
    chalk "^2.4.2"
    source-map "^0.6.1"
    supports-color "^6.1.0"

source-map@^0.6.1:
  version "0.6.1"
  resolved "https://registry.npm.taobao.org/source-map/download/source-map-0.6.1.tgz#74722af32e9614e9c287a8d0bbde48b5e2f1a263"
  integrity sha1-dHIq8y6WFOnCh6jQu95IteLxomM=

stylelint-config-prettier@^8.0.2:
  version "8.0.2"
  resolved "https://registry.npm.taobao.org/stylelint-config-prettier/download/stylelint-config-prettier-8.0.2.tgz#da9de33da4c56893cbe7e26df239a7374045e14e"
  integrity sha1-2p3jPaTFaJPL5+Jt8jmnN0BF4U4=

stylelint-config-recommended@^3.0.0:
  version "3.0.0"
  resolved "https://registry.npm.taobao.org/stylelint-config-recommended/download/stylelint-config-recommended-3.0.0.tgz#e0e547434016c5539fe2650afd58049a2fd1d657"
  integrity sha1-4OVHQ0AWxVOf4mUK/VgEmi/R1lc=

stylelint-config-sass-guidelines@^7.1.0:
  version "7.1.0"
  resolved "https://registry.npm.taobao.org/stylelint-config-sass-guidelines/download/stylelint-config-sass-guidelines-7.1.0.tgz#7838fe04eee649a2444b568a32c904a26b5d6c1e"
  integrity sha1-eDj+BO7mSaJES1aKMskEomtdbB4=
  dependencies:
    stylelint-order "^4.0.0"
    stylelint-scss "^3.18.0"

stylelint-config-standard@^20.0.0:
  version "20.0.0"
  resolved "https://registry.npm.taobao.org/stylelint-config-standard/download/stylelint-config-standard-20.0.0.tgz#06135090c9e064befee3d594289f50e295b5e20d"
  integrity sha1-BhNQkMngZL7+49WUKJ9Q4pW14g0=
  dependencies:
    stylelint-config-recommended "^3.0.0"

stylelint-order@^4.0.0:
  version "4.1.0"
  resolved "https://registry.npm.taobao.org/stylelint-order/download/stylelint-order-4.1.0.tgz#692d05b7d0c235ac66fcf5ea1d9e5f08a76747f6"
  integrity sha1-aS0Ft9DCNaxm/PXqHZ5fCKdnR/Y=
  dependencies:
    lodash "^4.17.15"
    postcss "^7.0.31"
    postcss-sorting "^5.0.1"

stylelint-scss@^3.18.0:
  version "3.18.0"
  resolved "https://registry.npm.taobao.org/stylelint-scss/download/stylelint-scss-3.18.0.tgz#8f06371c223909bf3f62e839548af1badeed31e9"
  integrity sha1-jwY3HCI5Cb8/Yug5VIrxut7tMek=
  dependencies:
    lodash "^4.17.15"
    postcss-media-query-parser "^0.2.3"
    postcss-resolve-nested-selector "^0.1.1"
    postcss-selector-parser "^6.0.2"
    postcss-value-parser "^4.1.0"

supports-color@^5.3.0:
  version "5.5.0"
  resolved "https://registry.npm.taobao.org/supports-color/download/supports-color-5.5.0.tgz?cache=0&other_urls=https%3A%2F%2Fregistry.npm.taobao.org%2Fsupports-color%2Fdownload%2Fsupports-color-5.5.0.tgz#e2e69a44ac8772f78a1ec0b35b689df6530efc8f"
  integrity sha1-4uaaRKyHcveKHsCzW2id9lMO/I8=
  dependencies:
    has-flag "^3.0.0"

supports-color@^6.1.0:
  version "6.1.0"
  resolved "https://registry.npm.taobao.org/supports-color/download/supports-color-6.1.0.tgz?cache=0&other_urls=https%3A%2F%2Fregistry.npm.taobao.org%2Fsupports-color%2Fdownload%2Fsupports-color-6.1.0.tgz#0764abc69c63d5ac842dd4867e8d025e880df8f3"
  integrity sha1-B2Srxpxj1ayELdSGfo0CXogN+PM=
  dependencies:
    has-flag "^3.0.0"

uniq@^1.0.1:
  version "1.0.1"
  resolved "https://registry.npm.taobao.org/uniq/download/uniq-1.0.1.tgz#b31c5ae8254844a3a8281541ce2b04b865a734ff"
  integrity sha1-sxxa6CVIRKOoKBVBzisEuGWnNP8=

util-deprecate@^1.0.2:
  version "1.0.2"
  resolved "https://registry.npm.taobao.org/util-deprecate/download/util-deprecate-1.0.2.tgz#450d4dc9fa70de732762fbd2d4a28981419a0ccf"
  integrity sha1-RQ1Nyfpw3nMnYvvS1KKJgUGaDM8=
